
Microsoft Visual Studio Solution File, Format Version 12.00
# Visual Studio 15
Project("{FAE04EC0-301F-11D3-BF4B-00C04F79EFBC}") = "Assembly-CSharp", "Assembly-CSharp.csproj", "{C8E6050D-7369-7285-9F5B-60F891EF904F}"
EndProject
Project("{FAE04EC0-301F-11D3-BF4B-00C04F79EFBC}") = "Unity.HotfixView.Codes", "Unity.HotfixView.Codes.csproj", "{AA6BADE8-D21B-0441-9EAF-41F24D562873}"
EndProject
Project("{FAE04EC0-301F-11D3-BF4B-00C04F79EFBC}") = "Assembly-CSharp-Editor", "Assembly-CSharp-Editor.csproj", "{FA1AE841-E58E-F1D7-B563-AB3775B20B5A}"
EndProject
Project("{FAE04EC0-301F-11D3-BF4B-00C04F79EFBC}") = "Unity.ModelView.Codes", "Unity.ModelView.Codes.csproj", "{30013DBD-0126-34EE-3A0F-F43CC2BAF0D3}"
EndProject
Global
	GlobalSection(SolutionConfigurationPlatforms) = preSolution
		Debug|Any CPU = Debug|Any CPU
		Release|Any CPU = Release|Any CPU
	EndGlobalSection
	GlobalSection(ProjectConfigurationPlatforms) = postSolution
		{C8E6050D-7369-7285-9F5B-60F891EF904F}.Debug|Any CPU.ActiveCfg = Debug|Any CPU
		{C8E6050D-7369-7285-9F5B-60F891EF904F}.Debug|Any CPU.Build.0 = Debug|Any CPU
		{C8E6050D-7369-7285-9F5B-60F891EF904F}.Release|Any CPU.ActiveCfg = Release|Any CPU
		{C8E6050D-7369-7285-9F5B-60F891EF904F}.Release|Any CPU.Build.0 = Release|Any CPU
		{AA6BADE8-D21B-0441-9EAF-41F24D562873}.Debug|Any CPU.ActiveCfg = Debug|Any CPU
		{AA6BADE8-D21B-0441-9EAF-41F24D562873}.Debug|Any CPU.Build.0 = Debug|Any CPU
		{AA6BADE8-D21B-0441-9EAF-41F24D562873}.Release|Any CPU.ActiveCfg = Release|Any CPU
		{AA6BADE8-D21B-0441-9EAF-41F24D562873}.Release|Any CPU.Build.0 = Release|Any CPU
		{FA1AE841-E58E-F1D7-B563-AB3775B20B5A}.Debug|Any CPU.ActiveCfg = Debug|Any CPU
		{FA1AE841-E58E-F1D7-B563-AB3775B20B5A}.Debug|Any CPU.Build.0 = Debug|Any CPU
		{FA1AE841-E58E-F1D7-B563-AB3775B20B5A}.Release|Any CPU.ActiveCfg = Release|Any CPU
		{FA1AE841-E58E-F1D7-B563-AB3775B20B5A}.Release|Any CPU.Build.0 = Release|Any CPU
		{30013DBD-0126-34EE-3A0F-F43CC2BAF0D3}.Debug|Any CPU.ActiveCfg = Debug|Any CPU
		{30013DBD-0126-34EE-3A0F-F43CC2BAF0D3}.Debug|Any CPU.Build.0 = Debug|Any CPU
		{30013DBD-0126-34EE-3A0F-F43CC2BAF0D3}.Release|Any CPU.ActiveCfg = Release|Any CPU
		{30013DBD-0126-34EE-3A0F-F43CC2BAF0D3}.Release|Any CPU.Build.0 = Release|Any CPU
	EndGlobalSection
	GlobalSection(SolutionProperties) = preSolution
		HideSolutionNode = FALSE
	EndGlobalSection
EndGlobal
